PODS:
  - Alamofire (4.7.3)
  - Nimble (6.1.0)
  - ObjectMapper (3.3.0)
  - Quick (1.1.0)
  - ReSwift (4.0.1)
  - Swinject (2.5.0)
  - SwinjectStoryboard (2.1.0):
    - Swinject (~> 2.5)

DEPENDENCIES:
  - Alamofire
  - Nimble (= 6.1)
  - ObjectMapper
  - Quick (= 1.1)
  - ReSwift
  - Swinject
  - SwinjectStoryboard

SPEC REPOS:
  https://github.com/cocoapods/specs.git:
    - Alamofire
    - Nimble
    - ObjectMapper
    - Quick
    - ReSwift
    - Swinject
    - SwinjectStoryboard

SPEC CHECKSUMS:
  Alamofire: c7287b6e5d7da964a70935e5db17046b7fde6568
  Nimble: c53e6903fee94041b90ded74f135820437d8bf59
  ObjectMapper: b612bf8c8e99c4dc0bb6013a51f7c27966ed5da9
  Quick: dafc587e21eed9f4cab3249b9f9015b0b7a7f71d
  ReSwift: f4012c613e13da7398827fe5aebdb938eaed40a3
  Swinject: 82cdb851f63f91bba974e3eca1d69780f2f7677e
  SwinjectStoryboard: 688f096033103e66ffcf6ca678211acd7d7be505

PODFILE CHECKSUM: 7253431972bfd332fff462bdee95f60b487106b5

COCOAPODS: 1.5.3
